
Microsoft Visual Studio Solution File, Format Version 12.00
# Visual Studio 15
VisualStudioVersion = 15.0.28307.329
MinimumVisualStudioVersion = 10.0.40219.1
Project("{FAE04EC0-301F-11D3-BF4B-00C04F79EFBC}") = "VisualChat", "VisualChat.csproj", "{6C481514-F481-4EC9-9E17-C0C26077187E}"
EndProject
Global
	GlobalSection(SolutionConfigurationPlatforms) = preSolution
		Debug|Any CPU = Debug|Any CPU
		Release|Any CPU = Release|Any CPU
	EndGlobalSection
	GlobalSection(ProjectConfigurationPlatforms) = postSolution
		{6C481514-F481-4EC9-9E17-C0C26077187E}.Debug|Any CPU.ActiveCfg = Debug|Any CPU
		{6C481514-F481-4EC9-9E17-C0C26077187E}.Debug|Any CPU.Build.0 = Debug|Any CPU
		{6C481514-F481-4EC9-9E17-C0C26077187E}.Release|Any CPU.ActiveCfg = Release|Any CPU
		{6C481514-F481-4EC9-9E17-C0C26077187E}.Release|Any CPU.Build.0 = Release|Any CPU
	EndGlobalSection
	GlobalSection(SolutionProperties) = preSolution
		HideSolutionNode = FALSE
	EndGlobalSection
	GlobalSection(ExtensibilityGlobals) = postSolution
		SolutionGuid = {9DD031BA-A8FE-4330-B234-1D516B89CE11}
	EndGlobalSection
EndGlobal
